
Microsoft Visual Studio Solution File, Format Version 12.00
# Visual Studio Version 17
VisualStudioVersion = 17.14.36414.22 d17.14
MinimumVisualStudioVersion = 10.0.40219.1
Project("{8BC9CEB8-8B4A-11D0-8D11-00A0C91BC942}") = "pointer_improve", "pointer_improve\pointer_improve.vcxproj", "{C6D3C69B-39BD-4D4D-B823-702C904E2DFB}"
EndProject
Global
	GlobalSection(SolutionConfigurationPlatforms) = preSolution
		Debug|x64 = Debug|x64
		Debug|x86 = Debug|x86
		Release|x64 = Release|x64
		Release|x86 = Release|x86
	EndGlobalSection
	GlobalSection(ProjectConfigurationPlatforms) = postSolution
		{C6D3C69B-39BD-4D4D-B823-702C904E2DFB}.Debug|x64.ActiveCfg = Debug|x64
		{C6D3C69B-39BD-4D4D-B823-702C904E2DFB}.Debug|x64.Build.0 = Debug|x64
		{C6D3C69B-39BD-4D4D-B823-702C904E2DFB}.Debug|x86.ActiveCfg = Debug|Win32
		{C6D3C69B-39BD-4D4D-B823-702C904E2DFB}.Debug|x86.Build.0 = Debug|Win32
		{C6D3C69B-39BD-4D4D-B823-702C904E2DFB}.Release|x64.ActiveCfg = Release|x64
		{C6D3C69B-39BD-4D4D-B823-702C904E2DFB}.Release|x64.Build.0 = Release|x64
		{C6D3C69B-39BD-4D4D-B823-702C904E2DFB}.Release|x86.ActiveCfg = Release|Win32
		{C6D3C69B-39BD-4D4D-B823-702C904E2DFB}.Release|x86.Build.0 = Release|Win32
	EndGlobalSection
	GlobalSection(SolutionProperties) = preSolution
		HideSolutionNode = FALSE
	EndGlobalSection
	GlobalSection(ExtensibilityGlobals) = postSolution
		SolutionGuid = {4E748FE0-8A19-4508-8F33-D225C5801861}
	EndGlobalSection
EndGlobal
