
Microsoft Visual Studio Solution File, Format Version 12.00
# Visual Studio Version 17
VisualStudioVersion = 17.14.36414.22 d17.14
MinimumVisualStudioVersion = 10.0.40219.1
Project("{8BC9CEB8-8B4A-11D0-8D11-00A0C91BC942}") = "allocation_demo", "allocation_demo\allocation_demo.vcxproj", "{FD7A6ACF-1ABA-410A-84E1-FE0B4512CEA8}"
EndProject
Global
	GlobalSection(SolutionConfigurationPlatforms) = preSolution
		Debug|x64 = Debug|x64
		Debug|x86 = Debug|x86
		Release|x64 = Release|x64
		Release|x86 = Release|x86
	EndGlobalSection
	GlobalSection(ProjectConfigurationPlatforms) = postSolution
		{FD7A6ACF-1ABA-410A-84E1-FE0B4512CEA8}.Debug|x64.ActiveCfg = Debug|x64
		{FD7A6ACF-1ABA-410A-84E1-FE0B4512CEA8}.Debug|x64.Build.0 = Debug|x64
		{FD7A6ACF-1ABA-410A-84E1-FE0B4512CEA8}.Debug|x86.ActiveCfg = Debug|Win32
		{FD7A6ACF-1ABA-410A-84E1-FE0B4512CEA8}.Debug|x86.Build.0 = Debug|Win32
		{FD7A6ACF-1ABA-410A-84E1-FE0B4512CEA8}.Release|x64.ActiveCfg = Release|x64
		{FD7A6ACF-1ABA-410A-84E1-FE0B4512CEA8}.Release|x64.Build.0 = Release|x64
		{FD7A6ACF-1ABA-410A-84E1-FE0B4512CEA8}.Release|x86.ActiveCfg = Release|Win32
		{FD7A6ACF-1ABA-410A-84E1-FE0B4512CEA8}.Release|x86.Build.0 = Release|Win32
	EndGlobalSection
	GlobalSection(SolutionProperties) = preSolution
		HideSolutionNode = FALSE
	EndGlobalSection
	GlobalSection(ExtensibilityGlobals) = postSolution
		SolutionGuid = {F681673C-0CD0-457C-8C69-F72BD33EEE2F}
	EndGlobalSection
EndGlobal
